
Microsoft Visual Studio Solution File, Format Version 12.00
# Visual Studio Version 16
VisualStudioVersion = 16.0.30320.27
MinimumVisualStudioVersion = 10.0.40219.1
Project("{FAE04EC0-301F-11D3-BF4B-00C04F79EFBC}") = "TodoApi", "TodoApi.csproj", "{F4C12595-6B22-4406-984B-A992D03B289C}"
EndProject
Global
	GlobalSection(SolutionConfigurationPlatforms) = preSolution
		Debug|Any CPU = Debug|Any CPU
		Release|Any CPU = Release|Any CPU
	EndGlobalSection
	GlobalSection(ProjectConfigurationPlatforms) = postSolution
		{F4C12595-6B22-4406-984B-A992D03B289C}.Debug|Any CPU.ActiveCfg = Debug|Any CPU
		{F4C12595-6B22-4406-984B-A992D03B289C}.Debug|Any CPU.Build.0 = Debug|Any CPU
		{F4C12595-6B22-4406-984B-A992D03B289C}.Release|Any CPU.ActiveCfg = Release|Any CPU
		{F4C12595-6B22-4406-984B-A992D03B289C}.Release|Any CPU.Build.0 = Release|Any CPU
	EndGlobalSection
	GlobalSection(SolutionProperties) = preSolution
		HideSolutionNode = FALSE
	EndGlobalSection
	GlobalSection(ExtensibilityGlobals) = postSolution
		SolutionGuid = {40A184F5-76BE-4EE6-BDD6-8E9A75D552F2}
	EndGlobalSection
EndGlobal
